
Microsoft Visual Studio Solution File, Format Version 12.00
# Visual Studio Version 16
VisualStudioVersion = 16.0.29025.244
MinimumVisualStudioVersion = 10.0.40219.1
Project("{FAE04EC0-301F-11D3-BF4B-00C04F79EFBC}") = "MintySensorMonitor", "MintySensorMonitor.csproj", "{ACEAF883-1776-4613-9A31-325737667F8D}"
EndProject
Project("{8BC9CEB8-8B4A-11D0-8D11-00A0C91BC942}") = "MintySensorMonitorJniWrapper", "..\ClassLibrary1\ClassLibrary1.vcxproj", "{6BC74412-4308-463D-BC12-676A460DFE6E}"
EndProject
Global
	GlobalSection(SolutionConfigurationPlatforms) = preSolution
		Debug|Any CPU = Debug|Any CPU
		Debug|ARM = Debug|ARM
		Debug|x64 = Debug|x64
		Debug|x86 = Debug|x86
		Release|Any CPU = Release|Any CPU
		Release|ARM = Release|ARM
		Release|x64 = Release|x64
		Release|x86 = Release|x86
	EndGlobalSection
	GlobalSection(ProjectConfigurationPlatforms) = postSolution
		{ACEAF883-1776-4613-9A31-325737667F8D}.Debug|Any CPU.ActiveCfg = Debug|x86
		{ACEAF883-1776-4613-9A31-325737667F8D}.Debug|Any CPU.Build.0 = Debug|x86
		{ACEAF883-1776-4613-9A31-325737667F8D}.Debug|ARM.ActiveCfg = Debug|Any CPU
		{ACEAF883-1776-4613-9A31-325737667F8D}.Debug|ARM.Build.0 = Debug|Any CPU
		{ACEAF883-1776-4613-9A31-325737667F8D}.Debug|x64.ActiveCfg = Debug|Any CPU
		{ACEAF883-1776-4613-9A31-325737667F8D}.Debug|x64.Build.0 = Debug|Any CPU
		{ACEAF883-1776-4613-9A31-325737667F8D}.Debug|x86.ActiveCfg = Debug|x86
		{ACEAF883-1776-4613-9A31-325737667F8D}.Debug|x86.Build.0 = Debug|x86
		{ACEAF883-1776-4613-9A31-325737667F8D}.Release|Any CPU.ActiveCfg = Release|Any CPU
		{ACEAF883-1776-4613-9A31-325737667F8D}.Release|Any CPU.Build.0 = Release|Any CPU
		{ACEAF883-1776-4613-9A31-325737667F8D}.Release|ARM.ActiveCfg = Release|Any CPU
		{ACEAF883-1776-4613-9A31-325737667F8D}.Release|ARM.Build.0 = Release|Any CPU
		{ACEAF883-1776-4613-9A31-325737667F8D}.Release|x64.ActiveCfg = Release|Any CPU
		{ACEAF883-1776-4613-9A31-325737667F8D}.Release|x64.Build.0 = Release|Any CPU
		{ACEAF883-1776-4613-9A31-325737667F8D}.Release|x86.ActiveCfg = Release|x86
		{ACEAF883-1776-4613-9A31-325737667F8D}.Release|x86.Build.0 = Release|x86
		{6BC74412-4308-463D-BC12-676A460DFE6E}.Debug|Any CPU.ActiveCfg = Debug|Win32
		{6BC74412-4308-463D-BC12-676A460DFE6E}.Debug|ARM.ActiveCfg = Debug|Win32
		{6BC74412-4308-463D-BC12-676A460DFE6E}.Debug|x64.ActiveCfg = Debug|x64
		{6BC74412-4308-463D-BC12-676A460DFE6E}.Debug|x64.Build.0 = Debug|x64
		{6BC74412-4308-463D-BC12-676A460DFE6E}.Debug|x86.ActiveCfg = Debug|Win32
		{6BC74412-4308-463D-BC12-676A460DFE6E}.Debug|x86.Build.0 = Debug|Win32
		{6BC74412-4308-463D-BC12-676A460DFE6E}.Release|Any CPU.ActiveCfg = Release|Win32
		{6BC74412-4308-463D-BC12-676A460DFE6E}.Release|ARM.ActiveCfg = Release|Win32
		{6BC74412-4308-463D-BC12-676A460DFE6E}.Release|x64.ActiveCfg = Release|x64
		{6BC74412-4308-463D-BC12-676A460DFE6E}.Release|x64.Build.0 = Release|x64
		{6BC74412-4308-463D-BC12-676A460DFE6E}.Release|x86.ActiveCfg = Release|Win32
		{6BC74412-4308-463D-BC12-676A460DFE6E}.Release|x86.Build.0 = Release|Win32
	EndGlobalSection
	GlobalSection(SolutionProperties) = preSolution
		HideSolutionNode = FALSE
	EndGlobalSection
	GlobalSection(ExtensibilityGlobals) = postSolution
		SolutionGuid = {B222DFFD-B28A-4E97-9AED-BAB12E946F24}
	EndGlobalSection
EndGlobal
